
Microsoft Visual Studio Solution File, Format Version 12.00
# Visual Studio Version 16
VisualStudioVersion = 16.0.29519.181
MinimumVisualStudioVersion = 10.0.40219.1
Project("{FAE04EC0-301F-11D3-BF4B-00C04F79EFBC}") = "ASP_Core_MVS_Webapp", "ASP_Core_MVS_Webapp.csproj", "{2690D17D-EC76-4BE0-AA9B-B5E91FF1A574}"
EndProject
Global
	GlobalSection(SolutionConfigurationPlatforms) = preSolution
		Debug|Any CPU = Debug|Any CPU
		Release|Any CPU = Release|Any CPU
	EndGlobalSection
	GlobalSection(ProjectConfigurationPlatforms) = postSolution
		{2690D17D-EC76-4BE0-AA9B-B5E91FF1A574}.Debug|Any CPU.ActiveCfg = Debug|Any CPU
		{2690D17D-EC76-4BE0-AA9B-B5E91FF1A574}.Debug|Any CPU.Build.0 = Debug|Any CPU
		{2690D17D-EC76-4BE0-AA9B-B5E91FF1A574}.Release|Any CPU.ActiveCfg = Release|Any CPU
		{2690D17D-EC76-4BE0-AA9B-B5E91FF1A574}.Release|Any CPU.Build.0 = Release|Any CPU
	EndGlobalSection
	GlobalSection(SolutionProperties) = preSolution
		HideSolutionNode = FALSE
	EndGlobalSection
	GlobalSection(ExtensibilityGlobals) = postSolution
		SolutionGuid = {1B637B08-8296-4658-A3E1-5C886EC26EF2}
	EndGlobalSection
EndGlobal
